
Microsoft Visual Studio Solution File, Format Version 12.00
# Visual Studio 15
VisualStudioVersion = 15.0.28307.329
MinimumVisualStudioVersion = 10.0.40219.1
Project("{FAE04EC0-301F-11D3-BF4B-00C04F79EFBC}") = "HeterogeneousStroke", "HeterogeneousStroke\HeterogeneousStroke.csproj", "{8610961E-949A-428B-A7B8-1BC2179B0FB6}"
EndProject
Global
	GlobalSection(SolutionConfigurationPlatforms) = preSolution
		Debug|Any CPU = Debug|Any CPU
		Release|Any CPU = Release|Any CPU
	EndGlobalSection
	GlobalSection(ProjectConfigurationPlatforms) = postSolution
		{8610961E-949A-428B-A7B8-1BC2179B0FB6}.Debug|Any CPU.ActiveCfg = Debug|Any CPU
		{8610961E-949A-428B-A7B8-1BC2179B0FB6}.Debug|Any CPU.Build.0 = Debug|Any CPU
		{8610961E-949A-428B-A7B8-1BC2179B0FB6}.Release|Any CPU.ActiveCfg = Release|Any CPU
		{8610961E-949A-428B-A7B8-1BC2179B0FB6}.Release|Any CPU.Build.0 = Release|Any CPU
	EndGlobalSection
	GlobalSection(SolutionProperties) = preSolution
		HideSolutionNode = FALSE
	EndGlobalSection
	GlobalSection(ExtensibilityGlobals) = postSolution
		SolutionGuid = {8DC49481-B9CA-4165-8DB7-8F56B31DED88}
	EndGlobalSection
EndGlobal
